{
  "requires": true,
  "lockfileVersion": 1,
  "dependencies": {
    "random-avatar-generator": {
      "version": "2.0.0",
      "resolved": "https://registry.npmjs.org/random-avatar-generator/-/random-avatar-generator-2.0.0.tgz",
      "integrity": "sha512-yOLrLkw2CvNuF2sFT23no9Qt7Lz16LS7gw6lVTc5M3TmBAKJEkxX8PZ4PYfxyXOEbnAJt4ttS4tUK+hUlXmLsQ==",
      "requires": {
        "seedrandom": "^3.0.5"
      }
    },
    "seedrandom": {
      "version": "3.0.5",
      "resolved": "https://registry.npmjs.org/seedrandom/-/seedrandom-3.0.5.tgz",
      "integrity": "sha512-8OwmbklUNzwezjGInmZ+2clQmExQPvomqjL7LFqOYqtmuxRgQYqOD3mHaU+MvZn5FLUeVxVfQjwLZW/n/JFuqg=="
    }
  }
}
